
Microsoft Visual Studio Solution File, Format Version 12.00
# Visual Studio 15
Project("{FAE04EC0-301F-11D3-BF4B-00C04F79EFBC}") = "TestMazeSolver", "TestMazeSolver\TestMazeSolver.csproj", "{8454D98B-2739-4FB3-ACAA-BDE0631AB296}"
EndProject
Project("{FAE04EC0-301F-11D3-BF4B-00C04F79EFBC}") = "MazeSolver", "MazeSolver\MazeSolver.csproj", "{8DF0AD30-CC0F-4F69-8E85-1751B3C38CE2}"
EndProject
Project("{FAE04EC0-301F-11D3-BF4B-00C04F79EFBC}") = "Main_Maze_Solver", "Main_Maze_Solver\Main_Maze_Solver.csproj", "{223ACC2D-EAD3-4DD9-A0F8-8C3F6D098AFD}"
EndProject
Global
	GlobalSection(SolutionConfigurationPlatforms) = preSolution
		Debug|x86 = Debug|x86
		Release|x86 = Release|x86
	EndGlobalSection
	GlobalSection(ProjectConfigurationPlatforms) = postSolution
		{8454D98B-2739-4FB3-ACAA-BDE0631AB296}.Debug|x86.ActiveCfg = Debug|Any CPU
		{8454D98B-2739-4FB3-ACAA-BDE0631AB296}.Debug|x86.Build.0 = Debug|Any CPU
		{8454D98B-2739-4FB3-ACAA-BDE0631AB296}.Release|x86.ActiveCfg = Release|Any CPU
		{8454D98B-2739-4FB3-ACAA-BDE0631AB296}.Release|x86.Build.0 = Release|Any CPU
		{8DF0AD30-CC0F-4F69-8E85-1751B3C38CE2}.Debug|x86.ActiveCfg = Debug|Any CPU
		{8DF0AD30-CC0F-4F69-8E85-1751B3C38CE2}.Debug|x86.Build.0 = Debug|Any CPU
		{8DF0AD30-CC0F-4F69-8E85-1751B3C38CE2}.Release|x86.ActiveCfg = Release|Any CPU
		{8DF0AD30-CC0F-4F69-8E85-1751B3C38CE2}.Release|x86.Build.0 = Release|Any CPU
		{223ACC2D-EAD3-4DD9-A0F8-8C3F6D098AFD}.Debug|x86.ActiveCfg = Debug|Any CPU
		{223ACC2D-EAD3-4DD9-A0F8-8C3F6D098AFD}.Debug|x86.Build.0 = Debug|Any CPU
		{223ACC2D-EAD3-4DD9-A0F8-8C3F6D098AFD}.Release|x86.ActiveCfg = Release|Any CPU
		{223ACC2D-EAD3-4DD9-A0F8-8C3F6D098AFD}.Release|x86.Build.0 = Release|Any CPU
	EndGlobalSection
EndGlobal
